// !$*UTF8*$!
{
	archiveVersion = 1;
	classes = {
	};
	objectVersion = 46;
	objects = {

/* Begin PBXBuildFile section */
		D8DED4E11E602D4C007EF0D9 /* AppDelegate.swift in Sources */ = {isa = PBXBuildFile; fileRef = D8DED4E01E602D4C007EF0D9 /* AppDelegate.swift */; };
		D8DED4E31E602D4C007EF0D9 /* ViewController.swift in Sources */ = {isa = PBXBuildFile; fileRef = D8DED4E21E602D4C007EF0D9 /* ViewController.swift */; };
		D8DED4E61E602D4C007EF0D9 /* Main.storyboard in Resources */ = {isa = PBXBuildFile; fileRef = D8DED4E41E602D4C007EF0D9 /* Main.storyboard */; };
		D8DED4E81E602D4C007EF0D9 /* Assets.xcassets in Resources */ = {isa = PBXBuildFile; fileRef = D8DED4E71E602D4C007EF0D9 /* Assets.xcassets */; };
		D8DED4EB1E602D4C007EF0D9 /* LaunchScreen.storyboard in Resources */ = {isa = PBXBuildFile; fileRef = D8DED4E91E602D4C007EF0D9 /* LaunchScreen.storyboard */; };
/* End PBXBuildFile section */

/* Begin PBXFileReference section */
		D8DED4DD1E602D4C007EF0D9 /* GitPractice4.app */ = {isa = PBXFileReference; explicitFileType = wrapper.application; includeInIndex = 0; path = GitPractice4.app; sourceTree = BUILT_PRODUCTS_DIR; };
		D8DED4E01E602D4C007EF0D9 /* AppDelegate.swift */ = {isa = PBXFileReference; lastKnownFileType = sourcecode.swift; path = AppDelegate.swift; sourceTree = "<group>"; };
		D8DED4E21E602D4C007EF0D9 /* ViewController.swift */ = {isa = PBXFileReference; lastKnownFileType = sourcecode.swift; path = ViewController.swift; sourceTree = "<group>"; };
		D8DED4E51E602D4C007EF0D9 /* Base */ = {isa = PBXFileReference; lastKnownFileType = file.storyboard; name = Base; path = Base.lproj/Main.storyboard; sourceTree = "<group>"; };
		D8DED4E71E602D4C007EF0D9 /* Assets.xcassets */ = {isa = PBXFileReference; lastKnownFileType = folder.assetcatalog; path = Assets.xcassets; sourceTree = "<group>"; };
		D8DED4EA1E602D4C007EF0D9 /* Base */ = {isa = PBXFileReference; lastKnownFileType = file.storyboard; name = Base; path = Base.lproj/LaunchScreen.storyboard; sourceTree = "<group>"; };
		D8DED4EC1E602D4C007EF0D9 /* Info.plist */ = {isa = PBXFileReference; lastKnownFileType = text.plist.xml; path = Info.plist; sourceTree = "<group>"; };
/* End PBXFileReference section */

/* Begin PBXFrameworksBuildPhase section */
		D8DED4DA1E602D4C007EF0D9 /* Frameworks */ = {
			isa = PBXFrameworksBuildPhase;
			buildActionMask = 2147483647;
			files = (
			);
			runOnlyForDeploymentPostprocessing = 0;
		};
/* End PBXFrameworksBuildPhase section */

/* Begin PBXGroup section */
		D8DED4D41E602D4C007EF0D9 = {
			isa = PBXGroup;
			children = (
				D8DED4DF1E602D4C007EF0D9 /* GitPractice4 */,
				D8DED4DE1E602D4C007EF0D9 /* Products */,
			);
			sourceTree = "<group>";
		};
		D8DED4DE1E602D4C007EF0D9 /* Products */ = {
			isa = PBXGroup;
			children = (
				D8DED4DD1E602D4C007EF0D9 /* GitPractice4.app */,
			);
			name = Products;
			sourceTree = "<group>";
		};
		D8DED4DF1E602D4C007EF0D9 /* GitPractice4 */ = {
			isa = PBXGroup;
			children = (
				D8DED4E01E602D4C007EF0D9 /* AppDelegate.swift */,
				D8DED4E21E602D4C007EF0D9 /* ViewController.swift */,
				D8DED4E41E602D4C007EF0D9 /* Main.storyboard */,
				D8DED4E71E602D4C007EF0D9 /* Assets.xcassets */,
				D8DED4E91E602D4C007EF0D9 /* LaunchScreen.storyboard */,
				D8DED4EC1E602D4C007EF0D9 /* Info.plist */,
			);
			path = GitPractice4;
			sourceTree = "<group>";
		};
/* End PBXGroup section */

/* Begin PBXNativeTarget section */
		D8DED4DC1E602D4C007EF0D9 /* GitPractice4 */ = {
			isa = PBXNativeTarget;
			buildConfigurationList = D8DED4EF1E602D4C007EF0D9 /* Build configuration list for PBXNativeTarget "GitPractice4" */;
			buildPhases = (
				D8DED4D91E602D4C007EF0D9 /* Sources */,
				D8DED4DA1E602D4C007EF0D9 /* Frameworks */,
				D8DED4DB1E602D4C007EF0D9 /* Resources */,
			);
			buildRules = (
			);
			dependencies = (
			);
			name = GitPractice4;
			productName = GitPractice4;
			productReference = D8DED4DD1E602D4C007EF0D9 /* GitPractice4.app */;
			productType = "com.apple.product-type.application";
		};
/* End PBXNativeTarget section */

/* Begin PBXProject section */
		D8DED4D51E602D4C007EF0D9 /* Project object */ = {
			isa = PBXProject;
			attributes = {
				LastSwiftUpdateCheck = 0800;
				LastUpgradeCheck = 0800;
				ORGANIZATIONNAME = "孙立国";
				TargetAttributes = {
					D8DED4DC1E602D4C007EF0D9 = {
						CreatedOnToolsVersion = 8.0;
						DevelopmentTeam = 9T6NFJR55Z;
						ProvisioningStyle = Automatic;
					};
				};
			};
			buildConfigurationList = D8DED4D81E602D4C007EF0D9 /* Build configuration list for PBXProject "GitPractice4" */;
			compatibilityVersion = "Xcode 3.2";
			developmentRegion = English;
			hasScannedForEncodings = 0;
			knownRegions = (
				en,
				Base,
			);
			mainGroup = D8DED4D41E602D4C007EF0D9;
			productRefGroup = D8DED4DE1E602D4C007EF0D9 /* Products */;
			projectDirPath = "";
			projectRoot = "";
			targets = (
				D8DED4DC1E602D4C007EF0D9 /* GitPractice4 */,
			);
		};
/* End PBXProject section */

/* Begin PBXResourcesBuildPhase section */
		D8DED4DB1E602D4C007EF0D9 /* Resources */ = {
			isa = PBXResourcesBuildPhase;
			buildActionMask = 2147483647;
			files = (
				D8DED4EB1E602D4C007EF0D9 /* LaunchScreen.storyboard in Resources */,
				D8DED4E81E602D4C007EF0D9 /* Assets.xcassets in Resources */,
				D8DED4E61E602D4C007EF0D9 /* Main.storyboard in Resources */,
			);
			runOnlyForDeploymentPostprocessing = 0;
		};
/* End PBXResourcesBuildPhase section */

/* Begin PBXSourcesBuildPhase section */
		D8DED4D91E602D4C007EF0D9 /* Sources */ = {
			isa = PBXSourcesBuildPhase;
			buildActionMask = 2147483647;
			files = (
				D8DED4E31E602D4C007EF0D9 /* ViewController.swift in Sources */,
				D8DED4E11E602D4C007EF0D9 /* AppDelegate.swift in Sources */,
			);
			runOnlyForDeploymentPostprocessing = 0;
		};
/* End PBXSourcesBuildPhase section */

/* Begin PBXVariantGroup section */
		D8DED4E41E602D4C007EF0D9 /* Main.storyboard */ = {
			isa = PBXVariantGroup;
			children = (
				D8DED4E51E602D4C007EF0D9 /* Base */,
			);
			name = Main.storyboard;
			sourceTree = "<group>";
		};
		D8DED4E91E602D4C007EF0D9 /* LaunchScreen.storyboard */ = {
			isa = PBXVariantGroup;
			children = (
				D8DED4EA1E602D4C007EF0D9 /* Base */,
			);
			name = LaunchScreen.storyboard;
			sourceTree = "<group>";
		};
/* End PBXVariantGroup section */

/* Begin XCBuildConfiguration section */
		D8DED4ED1E602D4C007EF0D9 /* Debug */ = {
			isa = XCBuildConfiguration;
			buildSettings = {
				ALWAYS_SEARCH_USER_PATHS = NO;
				CLANG_ANALYZER_NONNULL = YES;
				CLANG_CXX_LANGUAGE_STANDARD = "gnu++0x";
				CLANG_CXX_LIBRARY = "libc++";
				CLANG_ENABLE_MODULES = YES;
				CLANG_ENABLE_OBJC_ARC = YES;
				CLANG_WARN_BOOL_CONVERSION = YES;
				CLANG_WARN_CONSTANT_CONVERSION = YES;
				CLANG_WARN_DIRECT_OBJC_ISA_USAGE = YES_ERROR;
				CLANG_WARN_DOCUMENTATION_COMMENTS = YES;
				CLANG_WARN_EMPTY_BODY = YES;
				CLANG_WARN_ENUM_CONVERSION = YES;
				CLANG_WARN_INFINITE_RECURSION = YES;
				CLANG_WARN_INT_CONVERSION = YES;
				CLANG_WARN_OBJC_ROOT_CLASS = YES_ERROR;
				CLANG_WARN_SUSPICIOUS_MOVES = YES;
				CLANG_WARN_UNREACHABLE_CODE = YES;
				CLANG_WARN__DUPLICATE_METHOD_MATCH = YES;
				"CODE_SIGN_IDENTITY[sdk=iphoneos*]" = "iPhone Developer";
				COPY_PHASE_STRIP = NO;
				DEBUG_INFORMATION_FORMAT = dwarf;
				ENABLE_STRICT_OBJC_MSGSEND = YES;
				ENABLE_TESTABILITY = YES;
				GCC_C_LANGUAGE_STANDARD = gnu99;
				GCC_DYNAMIC_NO_PIC = NO;
				GCC_NO_COMMON_BLOCKS = YES;
				GCC_OPTIMIZATION_LEVEL = 0;
				GCC_PREPROCESSOR_DEFINITIONS = (
					"DEBUG=1",
					"$(inherited)",
				);
				GCC_WARN_64_TO_32_BIT_CONVERSION = YES;
				GCC_WARN_ABOUT_RETURN_TYPE = YES_ERROR;
				GCC_WARN_UNDECLARED_SELECTOR = YES;
				GCC_WARN_UNINITIALIZED_AUTOS = YES_AGGRESSIVE;
				GCC_WARN_UNUSED_FUNCTION = YES;
				GCC_WARN_UNUSED_VARIABLE = YES;
				IPHONEOS_DEPLOYMENT_TARGET = 10.0;
				MTL_ENABLE_DEBUG_INFO = YES;
				ONLY_ACTIVE_ARCH = YES;
				SDKROOT = iphoneos;
				SWIFT_ACTIVE_COMPILATION_CONDITIONS = DEBUG;
				SWIFT_OPTIMIZATION_LEVEL = "-Onone";
			};
			name = Debug;
		};
		D8DED4EE1E602D4C007EF0D9 /* Release */ = {
			isa = XCBuildConfiguration;
			buildSettings = {
				ALWAYS_SEARCH_USER_PATHS = NO;
				CLANG_ANALYZER_NONNULL = YES;
				CLANG_CXX_LANGUAGE_STANDARD = "gnu++0x";
				CLANG_CXX_LIBRARY = "libc++";
				CLANG_ENABLE_MODULES = YES;
				CLANG_ENABLE_OBJC_ARC = YES;
				CLANG_WARN_BOOL_CONVERSION = YES;
				CLANG_WARN_CONSTANT_CONVERSION = YES;
				CLANG_WARN_DIRECT_OBJC_ISA_USAGE = YES_ERROR;
				CLANG_WARN_DOCUMENTATION_COMMENTS = YES;
				CLANG_WARN_EMPTY_BODY = YES;
				CLANG_WARN_ENUM_CONVERSION = YES;
				CLANG_WARN_INFINITE_RECURSION = YES;
				CLANG_WARN_INT_CONVERSION = YES;
				CLANG_WARN_OBJC_ROOT_CLASS = YES_ERROR;
				CLANG_WARN_SUSPICIOUS_MOVES = YES;
				CLANG_WARN_UNREACHABLE_CODE = YES;
				CLANG_WARN__DUPLICATE_METHOD_MATCH = YES;
				"CODE_SIGN_IDENTITY[sdk=iphoneos*]" = "iPhone Developer";
				COPY_PHASE_STRIP = NO;
				DEBUG_INFORMATION_FORMAT = "dwarf-with-dsym";
				ENABLE_NS_ASSERTIONS = NO;
				ENABLE_STRICT_OBJC_MSGSEND = YES;
				GCC_C_LANGUAGE_STANDARD = gnu99;
				GCC_NO_COMMON_BLOCKS = YES;
				GCC_WARN_64_TO_32_BIT_CONVERSION = YES;
				GCC_WARN_ABOUT_RETURN_TYPE = YES_ERROR;
				GCC_WARN_UNDECLARED_SELECTOR = YES;
				GCC_WARN_UNINITIALIZED_AUTOS = YES_AGGRESSIVE;
				GCC_WARN_UNUSED_FUNCTION = YES;
				GCC_WARN_UNUSED_VARIABLE = YES;
				IPHONEOS_DEPLOYMENT_TARGET = 10.0;
				MTL_ENABLE_DEBUG_INFO = NO;
				SDKROOT = iphoneos;
				SWIFT_OPTIMIZATION_LEVEL = "-Owholemodule";
				VALIDATE_PRODUCT = YES;
			};
			name = Release;
		};
		D8DED4F01E602D4C007EF0D9 /* Debug */ = {
			isa = XCBuildConfiguration;
			buildSettings = {
				ASSETCATALOG_COMPILER_APPICON_NAME = AppIcon;
				DEVELOPMENT_TEAM = 9T6NFJR55Z;
				INFOPLIST_FILE = GitPractice4/Info.plist;
				LD_RUNPATH_SEARCH_PATHS = "$(inherited) @executable_path/Frameworks";
				PRODUCT_BUNDLE_IDENTIFIER = hello.GitPractice4;
				PRODUCT_NAME = "$(TARGET_NAME)";
				SWIFT_VERSION = 3.0;
			};
			name = Debug;
		};
		D8DED4F11E602D4C007EF0D9 /* Release */ = {
			isa = XCBuildConfiguration;
			buildSettings = {
				ASSETCATALOG_COMPILER_APPICON_NAME = AppIcon;
				DEVELOPMENT_TEAM = 9T6NFJR55Z;
				INFOPLIST_FILE = GitPractice4/Info.plist;
				LD_RUNPATH_SEARCH_PATHS = "$(inherited) @executable_path/Frameworks";
				PRODUCT_BUNDLE_IDENTIFIER = hello.GitPractice4;
				PRODUCT_NAME = "$(TARGET_NAME)";
				SWIFT_VERSION = 3.0;
			};
			name = Release;
		};
/* End XCBuildConfiguration section */

/* Begin XCConfigurationList section */
		D8DED4D81E602D4C007EF0D9 /* Build configuration list for PBXProject "GitPractice4" */ = {
			isa = XCConfigurationList;
			buildConfigurations = (
				D8DED4ED1E602D4C007EF0D9 /* Debug */,
				D8DED4EE1E602D4C007EF0D9 /* Release */,
			);
			defaultConfigurationIsVisible = 0;
			defaultConfigurationName = Release;
		};
		D8DED4EF1E602D4C007EF0D9 /* Build configuration list for PBXNativeTarget "GitPractice4" */ = {
			isa = XCConfigurationList;
			buildConfigurations = (
				D8DED4F01E602D4C007EF0D9 /* Debug */,
				D8DED4F11E602D4C007EF0D9 /* Release */,
			);
			defaultConfigurationIsVisible = 0;
		};
/* End XCConfigurationList section */
	};
	rootObject = D8DED4D51E602D4C007EF0D9 /* Project object */;
}
